
Microsoft Visual Studio Solution File, Format Version 12.00
# Visual Studio 15
VisualStudioVersion = 15.0.28306.52
MinimumVisualStudioVersion = 10.0.40219.1
Project("{FAE04EC0-301F-11D3-BF4B-00C04F79EFBC}") = "FusionDirectorPlugin.Model", "FusionDirectorPlugin.Model\FusionDirectorPlugin.Model.csproj", "{DD1E2214-E24D-41EF-B4B5-44A8E7F94C0D}"
EndProject
Project("{FAE04EC0-301F-11D3-BF4B-00C04F79EFBC}") = "FusionDirectorPlugin.Api", "FusionDirectorPlugin.Api\FusionDirectorPlugin.Api.csproj", "{3647111E-E153-47C0-8E08-70B67765BE61}"
EndProject
Project("{2150E333-8FDC-42A3-9474-1A3956D46DE8}") = "01 Models", "01 Models", "{B592FFFB-BBCD-4A65-8A4E-691195F1B55D}"
EndProject
Project("{2150E333-8FDC-42A3-9474-1A3956D46DE8}") = "03 Controllers", "03 Controllers", "{13BBA5A2-9A95-46D4-8BFB-D720F4E09F0D}"
EndProject
Project("{2150E333-8FDC-42A3-9474-1A3956D46DE8}") = "06 Management Packs", "06 Management Packs", "{4B128858-20A6-4030-A4A0-C22D1742678D}"
EndProject
Project("{2150E333-8FDC-42A3-9474-1A3956D46DE8}") = "99 Test", "99 Test", "{E96C44EB-28DB-48A4-AD9A-C6F75CCB8E1C}"
EndProject
Project("{FAE04EC0-301F-11D3-BF4B-00C04F79EFBC}") = "FusionDirectorPlugin.TestClient", "FusionDirectorPlugin.TestClient\FusionDirectorPlugin.TestClient.csproj", "{051F26E8-450A-4751-9949-819F44475734}"
EndProject
Project("{D4B43EB3-688B-4EEE-86BD-088F0B28ABB3}") = "FusionDirector.View.Library", "FusionDirector.View.Library\FusionDirector.View.Library.mpproj", "{804DF9C6-6F0D-487A-AFC2-B2A69992DD92}"
EndProject
Project("{D4B43EB3-688B-4EEE-86BD-088F0B28ABB3}") = "FusionDirector.Server", "FusionDirector.Server\FusionDirector.Server.mpproj", "{A1F2B2CD-B71A-4F03-8E57-06CAC413F336}"
EndProject
Project("{D4B43EB3-688B-4EEE-86BD-088F0B28ABB3}") = "FusionDirector.Enclosure", "FusionDirector.Enclosure\FusionDirector.Enclosure.mpproj", "{BFC81EDE-53C8-4E40-B99A-63C1EECBF54A}"
EndProject
Project("{2150E333-8FDC-42A3-9474-1A3956D46DE8}") = "02 Utils", "02 Utils", "{3D731EAB-04AE-43D8-A98C-5278201CC1E2}"
EndProject
Project("{2150E333-8FDC-42A3-9474-1A3956D46DE8}") = "04 Server", "04 Server", "{19E42414-558C-4E2E-9217-244902CB9EE8}"
EndProject
Project("{2150E333-8FDC-42A3-9474-1A3956D46DE8}") = "05 Package Helper", "05 Package Helper", "{625261A7-B91D-4BD3-9D66-084E46B463C7}"
EndProject
Project("{FAE04EC0-301F-11D3-BF4B-00C04F79EFBC}") = "FusionDirectorPlugin.Service", "FusionDirectorPlugin.Service\FusionDirectorPlugin.Service.csproj", "{483ABE2C-4D18-4D69-AED3-880696F3A4BA}"
EndProject
Project("{FAE04EC0-301F-11D3-BF4B-00C04F79EFBC}") = "CommonUtil", "CommonUtil\CommonUtil.csproj", "{C79A21BF-E869-4B93-A787-67B1D4231C02}"
EndProject
Project("{FAE04EC0-301F-11D3-BF4B-00C04F79EFBC}") = "FusionDirectorPlugin.LogUtil", "FusionDirectorPlugin.LogUtil\FusionDirectorPlugin.LogUtil.csproj", "{20C19378-3B5F-4051-8145-D0F8C10219E2}"
EndProject
Project("{FAE04EC0-301F-11D3-BF4B-00C04F79EFBC}") = "FusionDirectorPlugin.PackageHelper", "FusionDirectorPlugin.PackageHelper\FusionDirectorPlugin.PackageHelper.csproj", "{7842EC23-5EDD-495F-A218-111434EFE3E5}"
EndProject
Project("{FAE04EC0-301F-11D3-BF4B-00C04F79EFBC}") = "FusionDirectorPlugin.Dal", "FusionDirectorPlugin.Dal\FusionDirectorPlugin.Dal.csproj", "{93DFE5A7-1B8F-4C7A-B5ED-598D9C2ADCFF}"
EndProject
Project("{FAE04EC0-301F-11D3-BF4B-00C04F79EFBC}") = "FusionDirectorPlugin.Core", "FusionDirectorPlugin.Core\FusionDirectorPlugin.Core.csproj", "{4BA6BA8B-F29A-444E-A1A0-4AD926144CDA}"
EndProject
Project("{FAE04EC0-301F-11D3-BF4B-00C04F79EFBC}") = "FusionDirectorPlugin.WebServer", "FusionDirectorPlugin.WebServer\FusionDirectorPlugin.WebServer.csproj", "{61DFA327-0D80-4A8E-88F1-5B4B39EFF81E}"
EndProject
Project("{FAE04EC0-301F-11D3-BF4B-00C04F79EFBC}") = "FusionDirectorPlugin.ViewLib", "FusionDirectorPlugin.ViewLib\FusionDirectorPlugin.ViewLib.csproj", "{800AE076-991F-431C-B164-9A031230F2F8}"
EndProject
Project("{FAE04EC0-301F-11D3-BF4B-00C04F79EFBC}") = "FusionDirectorPlugin.Config.Test", "FusionDirectorPlugin.Config.Test\FusionDirectorPlugin.Config.Test.csproj", "{587B83A9-9EE0-4912-912D-EC075A8FC2A7}"
EndProject
Global
	GlobalSection(SolutionConfigurationPlatforms) = preSolution
		Debug|Any CPU = Debug|Any CPU
		Debug|x64 = Debug|x64
		Debug|x86 = Debug|x86
		Release|Any CPU = Release|Any CPU
		Release|x64 = Release|x64
		Release|x86 = Release|x86
	EndGlobalSection
	GlobalSection(ProjectConfigurationPlatforms) = postSolution
		{DD1E2214-E24D-41EF-B4B5-44A8E7F94C0D}.Debug|Any CPU.ActiveCfg = Debug|Any CPU
		{DD1E2214-E24D-41EF-B4B5-44A8E7F94C0D}.Debug|Any CPU.Build.0 = Debug|Any CPU
		{DD1E2214-E24D-41EF-B4B5-44A8E7F94C0D}.Debug|x64.ActiveCfg = Debug|x64
		{DD1E2214-E24D-41EF-B4B5-44A8E7F94C0D}.Debug|x64.Build.0 = Debug|x64
		{DD1E2214-E24D-41EF-B4B5-44A8E7F94C0D}.Debug|x86.ActiveCfg = Debug|x86
		{DD1E2214-E24D-41EF-B4B5-44A8E7F94C0D}.Debug|x86.Build.0 = Debug|x86
		{DD1E2214-E24D-41EF-B4B5-44A8E7F94C0D}.Release|Any CPU.ActiveCfg = Release|Any CPU
		{DD1E2214-E24D-41EF-B4B5-44A8E7F94C0D}.Release|Any CPU.Build.0 = Release|Any CPU
		{DD1E2214-E24D-41EF-B4B5-44A8E7F94C0D}.Release|x64.ActiveCfg = Release|x64
		{DD1E2214-E24D-41EF-B4B5-44A8E7F94C0D}.Release|x64.Build.0 = Release|x64
		{DD1E2214-E24D-41EF-B4B5-44A8E7F94C0D}.Release|x86.ActiveCfg = Release|x86
		{DD1E2214-E24D-41EF-B4B5-44A8E7F94C0D}.Release|x86.Build.0 = Release|x86
		{3647111E-E153-47C0-8E08-70B67765BE61}.Debug|Any CPU.ActiveCfg = Debug|Any CPU
		{3647111E-E153-47C0-8E08-70B67765BE61}.Debug|Any CPU.Build.0 = Debug|Any CPU
		{3647111E-E153-47C0-8E08-70B67765BE61}.Debug|x64.ActiveCfg = Debug|x64
		{3647111E-E153-47C0-8E08-70B67765BE61}.Debug|x64.Build.0 = Debug|x64
		{3647111E-E153-47C0-8E08-70B67765BE61}.Debug|x86.ActiveCfg = Debug|x86
		{3647111E-E153-47C0-8E08-70B67765BE61}.Debug|x86.Build.0 = Debug|x86
		{3647111E-E153-47C0-8E08-70B67765BE61}.Release|Any CPU.ActiveCfg = Release|Any CPU
		{3647111E-E153-47C0-8E08-70B67765BE61}.Release|Any CPU.Build.0 = Release|Any CPU
		{3647111E-E153-47C0-8E08-70B67765BE61}.Release|x64.ActiveCfg = Release|x64
		{3647111E-E153-47C0-8E08-70B67765BE61}.Release|x64.Build.0 = Release|x64
		{3647111E-E153-47C0-8E08-70B67765BE61}.Release|x86.ActiveCfg = Release|x86
		{3647111E-E153-47C0-8E08-70B67765BE61}.Release|x86.Build.0 = Release|x86
		{051F26E8-450A-4751-9949-819F44475734}.Debug|Any CPU.ActiveCfg = Debug|Any CPU
		{051F26E8-450A-4751-9949-819F44475734}.Debug|Any CPU.Build.0 = Debug|Any CPU
		{051F26E8-450A-4751-9949-819F44475734}.Debug|x64.ActiveCfg = Debug|x64
		{051F26E8-450A-4751-9949-819F44475734}.Debug|x64.Build.0 = Debug|x64
		{051F26E8-450A-4751-9949-819F44475734}.Debug|x86.ActiveCfg = Debug|x86
		{051F26E8-450A-4751-9949-819F44475734}.Debug|x86.Build.0 = Debug|x86
		{051F26E8-450A-4751-9949-819F44475734}.Release|Any CPU.ActiveCfg = Release|Any CPU
		{051F26E8-450A-4751-9949-819F44475734}.Release|Any CPU.Build.0 = Release|Any CPU
		{051F26E8-450A-4751-9949-819F44475734}.Release|x64.ActiveCfg = Release|x64
		{051F26E8-450A-4751-9949-819F44475734}.Release|x64.Build.0 = Release|x64
		{051F26E8-450A-4751-9949-819F44475734}.Release|x86.ActiveCfg = Release|x86
		{051F26E8-450A-4751-9949-819F44475734}.Release|x86.Build.0 = Release|x86
		{804DF9C6-6F0D-487A-AFC2-B2A69992DD92}.Debug|Any CPU.ActiveCfg = Debug|x86
		{804DF9C6-6F0D-487A-AFC2-B2A69992DD92}.Debug|Any CPU.Build.0 = Debug|x86
		{804DF9C6-6F0D-487A-AFC2-B2A69992DD92}.Debug|x64.ActiveCfg = Debug|x86
		{804DF9C6-6F0D-487A-AFC2-B2A69992DD92}.Debug|x64.Build.0 = Debug|x86
		{804DF9C6-6F0D-487A-AFC2-B2A69992DD92}.Debug|x86.ActiveCfg = Debug|x86
		{804DF9C6-6F0D-487A-AFC2-B2A69992DD92}.Debug|x86.Build.0 = Debug|x86
		{804DF9C6-6F0D-487A-AFC2-B2A69992DD92}.Release|Any CPU.ActiveCfg = Release|x86
		{804DF9C6-6F0D-487A-AFC2-B2A69992DD92}.Release|Any CPU.Build.0 = Release|x86
		{804DF9C6-6F0D-487A-AFC2-B2A69992DD92}.Release|x64.ActiveCfg = Release|x86
		{804DF9C6-6F0D-487A-AFC2-B2A69992DD92}.Release|x64.Build.0 = Release|x86
		{804DF9C6-6F0D-487A-AFC2-B2A69992DD92}.Release|x86.ActiveCfg = Release|x86
		{804DF9C6-6F0D-487A-AFC2-B2A69992DD92}.Release|x86.Build.0 = Release|x86
		{A1F2B2CD-B71A-4F03-8E57-06CAC413F336}.Debug|Any CPU.ActiveCfg = Debug|x86
		{A1F2B2CD-B71A-4F03-8E57-06CAC413F336}.Debug|Any CPU.Build.0 = Debug|x86
		{A1F2B2CD-B71A-4F03-8E57-06CAC413F336}.Debug|x64.ActiveCfg = Debug|x86
		{A1F2B2CD-B71A-4F03-8E57-06CAC413F336}.Debug|x64.Build.0 = Debug|x86
		{A1F2B2CD-B71A-4F03-8E57-06CAC413F336}.Debug|x86.ActiveCfg = Debug|x86
		{A1F2B2CD-B71A-4F03-8E57-06CAC413F336}.Debug|x86.Build.0 = Debug|x86
		{A1F2B2CD-B71A-4F03-8E57-06CAC413F336}.Release|Any CPU.ActiveCfg = Release|x86
		{A1F2B2CD-B71A-4F03-8E57-06CAC413F336}.Release|Any CPU.Build.0 = Release|x86
		{A1F2B2CD-B71A-4F03-8E57-06CAC413F336}.Release|x64.ActiveCfg = Release|x86
		{A1F2B2CD-B71A-4F03-8E57-06CAC413F336}.Release|x64.Build.0 = Release|x86
		{A1F2B2CD-B71A-4F03-8E57-06CAC413F336}.Release|x86.ActiveCfg = Release|x86
		{A1F2B2CD-B71A-4F03-8E57-06CAC413F336}.Release|x86.Build.0 = Release|x86
		{BFC81EDE-53C8-4E40-B99A-63C1EECBF54A}.Debug|Any CPU.ActiveCfg = Debug|x86
		{BFC81EDE-53C8-4E40-B99A-63C1EECBF54A}.Debug|Any CPU.Build.0 = Debug|x86
		{BFC81EDE-53C8-4E40-B99A-63C1EECBF54A}.Debug|x64.ActiveCfg = Debug|x86
		{BFC81EDE-53C8-4E40-B99A-63C1EECBF54A}.Debug|x64.Build.0 = Debug|x86
		{BFC81EDE-53C8-4E40-B99A-63C1EECBF54A}.Debug|x86.ActiveCfg = Debug|x86
		{BFC81EDE-53C8-4E40-B99A-63C1EECBF54A}.Debug|x86.Build.0 = Debug|x86
		{BFC81EDE-53C8-4E40-B99A-63C1EECBF54A}.Release|Any CPU.ActiveCfg = Release|x86
		{BFC81EDE-53C8-4E40-B99A-63C1EECBF54A}.Release|Any CPU.Build.0 = Release|x86
		{BFC81EDE-53C8-4E40-B99A-63C1EECBF54A}.Release|x64.ActiveCfg = Release|x86
		{BFC81EDE-53C8-4E40-B99A-63C1EECBF54A}.Release|x64.Build.0 = Release|x86
		{BFC81EDE-53C8-4E40-B99A-63C1EECBF54A}.Release|x86.ActiveCfg = Release|x86
		{BFC81EDE-53C8-4E40-B99A-63C1EECBF54A}.Release|x86.Build.0 = Release|x86
		{483ABE2C-4D18-4D69-AED3-880696F3A4BA}.Debug|Any CPU.ActiveCfg = Debug|Any CPU
		{483ABE2C-4D18-4D69-AED3-880696F3A4BA}.Debug|Any CPU.Build.0 = Debug|Any CPU
		{483ABE2C-4D18-4D69-AED3-880696F3A4BA}.Debug|x64.ActiveCfg = Debug|x64
		{483ABE2C-4D18-4D69-AED3-880696F3A4BA}.Debug|x64.Build.0 = Debug|x64
		{483ABE2C-4D18-4D69-AED3-880696F3A4BA}.Debug|x86.ActiveCfg = Debug|x86
		{483ABE2C-4D18-4D69-AED3-880696F3A4BA}.Debug|x86.Build.0 = Debug|x86
		{483ABE2C-4D18-4D69-AED3-880696F3A4BA}.Release|Any CPU.ActiveCfg = Release|Any CPU
		{483ABE2C-4D18-4D69-AED3-880696F3A4BA}.Release|Any CPU.Build.0 = Release|Any CPU
		{483ABE2C-4D18-4D69-AED3-880696F3A4BA}.Release|x64.ActiveCfg = Release|x64
		{483ABE2C-4D18-4D69-AED3-880696F3A4BA}.Release|x64.Build.0 = Release|x64
		{483ABE2C-4D18-4D69-AED3-880696F3A4BA}.Release|x86.ActiveCfg = Release|x86
		{483ABE2C-4D18-4D69-AED3-880696F3A4BA}.Release|x86.Build.0 = Release|x86
		{C79A21BF-E869-4B93-A787-67B1D4231C02}.Debug|Any CPU.ActiveCfg = Debug|Any CPU
		{C79A21BF-E869-4B93-A787-67B1D4231C02}.Debug|Any CPU.Build.0 = Debug|Any CPU
		{C79A21BF-E869-4B93-A787-67B1D4231C02}.Debug|x64.ActiveCfg = Debug|x64
		{C79A21BF-E869-4B93-A787-67B1D4231C02}.Debug|x64.Build.0 = Debug|x64
		{C79A21BF-E869-4B93-A787-67B1D4231C02}.Debug|x86.ActiveCfg = Debug|x86
		{C79A21BF-E869-4B93-A787-67B1D4231C02}.Debug|x86.Build.0 = Debug|x86
		{C79A21BF-E869-4B93-A787-67B1D4231C02}.Release|Any CPU.ActiveCfg = Release|Any CPU
		{C79A21BF-E869-4B93-A787-67B1D4231C02}.Release|Any CPU.Build.0 = Release|Any CPU
		{C79A21BF-E869-4B93-A787-67B1D4231C02}.Release|x64.ActiveCfg = Release|x64
		{C79A21BF-E869-4B93-A787-67B1D4231C02}.Release|x64.Build.0 = Release|x64
		{C79A21BF-E869-4B93-A787-67B1D4231C02}.Release|x86.ActiveCfg = Release|x86
		{C79A21BF-E869-4B93-A787-67B1D4231C02}.Release|x86.Build.0 = Release|x86
		{20C19378-3B5F-4051-8145-D0F8C10219E2}.Debug|Any CPU.ActiveCfg = Debug|Any CPU
		{20C19378-3B5F-4051-8145-D0F8C10219E2}.Debug|Any CPU.Build.0 = Debug|Any CPU
		{20C19378-3B5F-4051-8145-D0F8C10219E2}.Debug|x64.ActiveCfg = Debug|x64
		{20C19378-3B5F-4051-8145-D0F8C10219E2}.Debug|x64.Build.0 = Debug|x64
		{20C19378-3B5F-4051-8145-D0F8C10219E2}.Debug|x86.ActiveCfg = Debug|x86
		{20C19378-3B5F-4051-8145-D0F8C10219E2}.Debug|x86.Build.0 = Debug|x86
		{20C19378-3B5F-4051-8145-D0F8C10219E2}.Release|Any CPU.ActiveCfg = Release|Any CPU
		{20C19378-3B5F-4051-8145-D0F8C10219E2}.Release|Any CPU.Build.0 = Release|Any CPU
		{20C19378-3B5F-4051-8145-D0F8C10219E2}.Release|x64.ActiveCfg = Release|x64
		{20C19378-3B5F-4051-8145-D0F8C10219E2}.Release|x64.Build.0 = Release|x64
		{20C19378-3B5F-4051-8145-D0F8C10219E2}.Release|x86.ActiveCfg = Release|x86
		{20C19378-3B5F-4051-8145-D0F8C10219E2}.Release|x86.Build.0 = Release|x86
		{7842EC23-5EDD-495F-A218-111434EFE3E5}.Debug|Any CPU.ActiveCfg = Debug|Any CPU
		{7842EC23-5EDD-495F-A218-111434EFE3E5}.Debug|Any CPU.Build.0 = Debug|Any CPU
		{7842EC23-5EDD-495F-A218-111434EFE3E5}.Debug|x64.ActiveCfg = Debug|x64
		{7842EC23-5EDD-495F-A218-111434EFE3E5}.Debug|x64.Build.0 = Debug|x64
		{7842EC23-5EDD-495F-A218-111434EFE3E5}.Debug|x86.ActiveCfg = Debug|x86
		{7842EC23-5EDD-495F-A218-111434EFE3E5}.Debug|x86.Build.0 = Debug|x86
		{7842EC23-5EDD-495F-A218-111434EFE3E5}.Release|Any CPU.ActiveCfg = Release|Any CPU
		{7842EC23-5EDD-495F-A218-111434EFE3E5}.Release|Any CPU.Build.0 = Release|Any CPU
		{7842EC23-5EDD-495F-A218-111434EFE3E5}.Release|x64.ActiveCfg = Release|x64
		{7842EC23-5EDD-495F-A218-111434EFE3E5}.Release|x64.Build.0 = Release|x64
		{7842EC23-5EDD-495F-A218-111434EFE3E5}.Release|x86.ActiveCfg = Release|x86
		{7842EC23-5EDD-495F-A218-111434EFE3E5}.Release|x86.Build.0 = Release|x86
		{93DFE5A7-1B8F-4C7A-B5ED-598D9C2ADCFF}.Debug|Any CPU.ActiveCfg = Debug|Any CPU
		{93DFE5A7-1B8F-4C7A-B5ED-598D9C2ADCFF}.Debug|Any CPU.Build.0 = Debug|Any CPU
		{93DFE5A7-1B8F-4C7A-B5ED-598D9C2ADCFF}.Debug|x64.ActiveCfg = Debug|x64
		{93DFE5A7-1B8F-4C7A-B5ED-598D9C2ADCFF}.Debug|x64.Build.0 = Debug|x64
		{93DFE5A7-1B8F-4C7A-B5ED-598D9C2ADCFF}.Debug|x86.ActiveCfg = Debug|x86
		{93DFE5A7-1B8F-4C7A-B5ED-598D9C2ADCFF}.Debug|x86.Build.0 = Debug|x86
		{93DFE5A7-1B8F-4C7A-B5ED-598D9C2ADCFF}.Release|Any CPU.ActiveCfg = Release|Any CPU
		{93DFE5A7-1B8F-4C7A-B5ED-598D9C2ADCFF}.Release|Any CPU.Build.0 = Release|Any CPU
		{93DFE5A7-1B8F-4C7A-B5ED-598D9C2ADCFF}.Release|x64.ActiveCfg = Release|x64
		{93DFE5A7-1B8F-4C7A-B5ED-598D9C2ADCFF}.Release|x64.Build.0 = Release|x64
		{93DFE5A7-1B8F-4C7A-B5ED-598D9C2ADCFF}.Release|x86.ActiveCfg = Release|x86
		{93DFE5A7-1B8F-4C7A-B5ED-598D9C2ADCFF}.Release|x86.Build.0 = Release|x86
		{4BA6BA8B-F29A-444E-A1A0-4AD926144CDA}.Debug|Any CPU.ActiveCfg = Debug|Any CPU
		{4BA6BA8B-F29A-444E-A1A0-4AD926144CDA}.Debug|Any CPU.Build.0 = Debug|Any CPU
		{4BA6BA8B-F29A-444E-A1A0-4AD926144CDA}.Debug|x64.ActiveCfg = Debug|x64
		{4BA6BA8B-F29A-444E-A1A0-4AD926144CDA}.Debug|x64.Build.0 = Debug|x64
		{4BA6BA8B-F29A-444E-A1A0-4AD926144CDA}.Debug|x86.ActiveCfg = Debug|x86
		{4BA6BA8B-F29A-444E-A1A0-4AD926144CDA}.Debug|x86.Build.0 = Debug|x86
		{4BA6BA8B-F29A-444E-A1A0-4AD926144CDA}.Release|Any CPU.ActiveCfg = Release|Any CPU
		{4BA6BA8B-F29A-444E-A1A0-4AD926144CDA}.Release|Any CPU.Build.0 = Release|Any CPU
		{4BA6BA8B-F29A-444E-A1A0-4AD926144CDA}.Release|x64.ActiveCfg = Release|x64
		{4BA6BA8B-F29A-444E-A1A0-4AD926144CDA}.Release|x64.Build.0 = Release|x64
		{4BA6BA8B-F29A-444E-A1A0-4AD926144CDA}.Release|x86.ActiveCfg = Release|x86
		{4BA6BA8B-F29A-444E-A1A0-4AD926144CDA}.Release|x86.Build.0 = Release|x86
		{61DFA327-0D80-4A8E-88F1-5B4B39EFF81E}.Debug|Any CPU.ActiveCfg = Debug|Any CPU
		{61DFA327-0D80-4A8E-88F1-5B4B39EFF81E}.Debug|Any CPU.Build.0 = Debug|Any CPU
		{61DFA327-0D80-4A8E-88F1-5B4B39EFF81E}.Debug|x64.ActiveCfg = Debug|x64
		{61DFA327-0D80-4A8E-88F1-5B4B39EFF81E}.Debug|x64.Build.0 = Debug|x64
		{61DFA327-0D80-4A8E-88F1-5B4B39EFF81E}.Debug|x86.ActiveCfg = Debug|x86
		{61DFA327-0D80-4A8E-88F1-5B4B39EFF81E}.Debug|x86.Build.0 = Debug|x86
		{61DFA327-0D80-4A8E-88F1-5B4B39EFF81E}.Release|Any CPU.ActiveCfg = Release|Any CPU
		{61DFA327-0D80-4A8E-88F1-5B4B39EFF81E}.Release|Any CPU.Build.0 = Release|Any CPU
		{61DFA327-0D80-4A8E-88F1-5B4B39EFF81E}.Release|x64.ActiveCfg = Release|x64
		{61DFA327-0D80-4A8E-88F1-5B4B39EFF81E}.Release|x64.Build.0 = Release|x64
		{61DFA327-0D80-4A8E-88F1-5B4B39EFF81E}.Release|x86.ActiveCfg = Release|x86
		{61DFA327-0D80-4A8E-88F1-5B4B39EFF81E}.Release|x86.Build.0 = Release|x86
		{800AE076-991F-431C-B164-9A031230F2F8}.Debug|Any CPU.ActiveCfg = Debug|Any CPU
		{800AE076-991F-431C-B164-9A031230F2F8}.Debug|Any CPU.Build.0 = Debug|Any CPU
		{800AE076-991F-431C-B164-9A031230F2F8}.Debug|x64.ActiveCfg = Debug|x64
		{800AE076-991F-431C-B164-9A031230F2F8}.Debug|x64.Build.0 = Debug|x64
		{800AE076-991F-431C-B164-9A031230F2F8}.Debug|x86.ActiveCfg = Debug|x86
		{800AE076-991F-431C-B164-9A031230F2F8}.Debug|x86.Build.0 = Debug|x86
		{800AE076-991F-431C-B164-9A031230F2F8}.Release|Any CPU.ActiveCfg = Release|Any CPU
		{800AE076-991F-431C-B164-9A031230F2F8}.Release|Any CPU.Build.0 = Release|Any CPU
		{800AE076-991F-431C-B164-9A031230F2F8}.Release|x64.ActiveCfg = Release|x64
		{800AE076-991F-431C-B164-9A031230F2F8}.Release|x64.Build.0 = Release|x64
		{800AE076-991F-431C-B164-9A031230F2F8}.Release|x86.ActiveCfg = Release|x86
		{800AE076-991F-431C-B164-9A031230F2F8}.Release|x86.Build.0 = Release|x86
		{587B83A9-9EE0-4912-912D-EC075A8FC2A7}.Debug|Any CPU.ActiveCfg = Debug|Any CPU
		{587B83A9-9EE0-4912-912D-EC075A8FC2A7}.Debug|Any CPU.Build.0 = Debug|Any CPU
		{587B83A9-9EE0-4912-912D-EC075A8FC2A7}.Debug|x64.ActiveCfg = Debug|x64
		{587B83A9-9EE0-4912-912D-EC075A8FC2A7}.Debug|x64.Build.0 = Debug|x64
		{587B83A9-9EE0-4912-912D-EC075A8FC2A7}.Debug|x86.ActiveCfg = Debug|x86
		{587B83A9-9EE0-4912-912D-EC075A8FC2A7}.Debug|x86.Build.0 = Debug|x86
		{587B83A9-9EE0-4912-912D-EC075A8FC2A7}.Release|Any CPU.ActiveCfg = Release|Any CPU
		{587B83A9-9EE0-4912-912D-EC075A8FC2A7}.Release|Any CPU.Build.0 = Release|Any CPU
		{587B83A9-9EE0-4912-912D-EC075A8FC2A7}.Release|x64.ActiveCfg = Release|x64
		{587B83A9-9EE0-4912-912D-EC075A8FC2A7}.Release|x64.Build.0 = Release|x64
		{587B83A9-9EE0-4912-912D-EC075A8FC2A7}.Release|x86.ActiveCfg = Release|x86
		{587B83A9-9EE0-4912-912D-EC075A8FC2A7}.Release|x86.Build.0 = Release|x86
	EndGlobalSection
	GlobalSection(SolutionProperties) = preSolution
		HideSolutionNode = FALSE
	EndGlobalSection
	GlobalSection(NestedProjects) = preSolution
		{DD1E2214-E24D-41EF-B4B5-44A8E7F94C0D} = {B592FFFB-BBCD-4A65-8A4E-691195F1B55D}
		{3647111E-E153-47C0-8E08-70B67765BE61} = {13BBA5A2-9A95-46D4-8BFB-D720F4E09F0D}
		{051F26E8-450A-4751-9949-819F44475734} = {E96C44EB-28DB-48A4-AD9A-C6F75CCB8E1C}
		{804DF9C6-6F0D-487A-AFC2-B2A69992DD92} = {4B128858-20A6-4030-A4A0-C22D1742678D}
		{A1F2B2CD-B71A-4F03-8E57-06CAC413F336} = {4B128858-20A6-4030-A4A0-C22D1742678D}
		{BFC81EDE-53C8-4E40-B99A-63C1EECBF54A} = {4B128858-20A6-4030-A4A0-C22D1742678D}
		{483ABE2C-4D18-4D69-AED3-880696F3A4BA} = {19E42414-558C-4E2E-9217-244902CB9EE8}
		{C79A21BF-E869-4B93-A787-67B1D4231C02} = {3D731EAB-04AE-43D8-A98C-5278201CC1E2}
		{20C19378-3B5F-4051-8145-D0F8C10219E2} = {3D731EAB-04AE-43D8-A98C-5278201CC1E2}
		{7842EC23-5EDD-495F-A218-111434EFE3E5} = {625261A7-B91D-4BD3-9D66-084E46B463C7}
		{93DFE5A7-1B8F-4C7A-B5ED-598D9C2ADCFF} = {13BBA5A2-9A95-46D4-8BFB-D720F4E09F0D}
		{4BA6BA8B-F29A-444E-A1A0-4AD926144CDA} = {19E42414-558C-4E2E-9217-244902CB9EE8}
		{61DFA327-0D80-4A8E-88F1-5B4B39EFF81E} = {19E42414-558C-4E2E-9217-244902CB9EE8}
		{800AE076-991F-431C-B164-9A031230F2F8} = {19E42414-558C-4E2E-9217-244902CB9EE8}
		{587B83A9-9EE0-4912-912D-EC075A8FC2A7} = {E96C44EB-28DB-48A4-AD9A-C6F75CCB8E1C}
	EndGlobalSection
	GlobalSection(ExtensibilityGlobals) = postSolution
		SolutionGuid = {25D63E85-9F36-4772-A028-E4DC666552CF}
	EndGlobalSection
EndGlobal
