
Microsoft Visual Studio Solution File, Format Version 12.00
# Visual Studio 14
VisualStudioVersion = 14.0.25420.1
MinimumVisualStudioVersion = 10.0.40219.1
Project("{2150E333-8FDC-42A3-9474-1A3956D46DE8}") = "01Util", "01Util", "{A2779C53-8484-4BFE-B1DC-B5E123510093}"
EndProject
Project("{2150E333-8FDC-42A3-9474-1A3956D46DE8}") = "02Model", "02Model", "{DC961FE8-B4EA-46BA-959F-09828B12679D}"
EndProject
Project("{2150E333-8FDC-42A3-9474-1A3956D46DE8}") = "03 Respository", "03 Respository", "{A90BBC10-7ADF-4152-84CB-92BC53BDBB06}"
EndProject
Project("{2150E333-8FDC-42A3-9474-1A3956D46DE8}") = "06 Controller", "06 Controller", "{3B38FAF6-7CA1-4682-88B4-7977F47203CB}"
EndProject
Project("{FAE04EC0-301F-11D3-BF4B-00C04F79EFBC}") = "CommonUtil", "Util\CommonUtil\CommonUtil.csproj", "{C79A21BF-E869-4B93-A787-67B1D4231C02}"
EndProject
Project("{FAE04EC0-301F-11D3-BF4B-00C04F79EFBC}") = "LogUtil", "Util\LogUtil\LogUtil.csproj", "{56BBFA4A-2DE0-46C5-87D7-6E6F14D81916}"
EndProject
Project("{FAE04EC0-301F-11D3-BF4B-00C04F79EFBC}") = "Huawei.SCCMPlugin.Models", "Model\Huawei.SCCMPlugin.Models\Huawei.SCCMPlugin.Models.csproj", "{EC145FC0-A09B-40D3-94AB-5DF54F6880DC}"
EndProject
Project("{FAE04EC0-301F-11D3-BF4B-00C04F79EFBC}") = "Huawei.SCCMPlugin.DAO", "Respository\Huawei.SCCMPlugin.DAO\Huawei.SCCMPlugin.DAO.csproj", "{7C6A6EE5-E107-458D-B748-D40145184A76}"
EndProject
Project("{FAE04EC0-301F-11D3-BF4B-00C04F79EFBC}") = "Huawei.SCCMPlugin.Core", "Core\Huawei.SCCMPlugin.Core\Huawei.SCCMPlugin.Core.csproj", "{ACF489A9-2716-4299-B24A-57AA12807F28}"
EndProject
Project("{2150E333-8FDC-42A3-9474-1A3956D46DE8}") = "07 Client", "07 Client", "{754FEF0D-8FA5-4C39-B056-CACE920F1EB4}"
EndProject
Project("{FAE04EC0-301F-11D3-BF4B-00C04F79EFBC}") = "Huawei.SCCMPlugin.PluginUI", "Client\Huawei.SCCMPlugin.PluginUI\Huawei.SCCMPlugin.PluginUI.csproj", "{92C8F09E-BB71-4006-A84B-8CC0865779EA}"
EndProject
Project("{2150E333-8FDC-42A3-9474-1A3956D46DE8}") = "99 Test", "99 Test", "{877F7F15-5683-498F-908A-755AC69A91F7}"
EndProject
Project("{FAE04EC0-301F-11D3-BF4B-00C04F79EFBC}") = "UnitTestSampleOnUI", "Test\UnitTestSampleOnUI\UnitTestSampleOnUI.csproj", "{C5FF809E-2620-4FA3-B262-8B7DD2530E5C}"
EndProject
Global
	GlobalSection(SolutionConfigurationPlatforms) = preSolution
		Debug|Any CPU = Debug|Any CPU
		Debug|x64 = Debug|x64
		Debug|x86 = Debug|x86
		Release|Any CPU = Release|Any CPU
		Release|x64 = Release|x64
		Release|x86 = Release|x86
	EndGlobalSection
	GlobalSection(ProjectConfigurationPlatforms) = postSolution
		{C79A21BF-E869-4B93-A787-67B1D4231C02}.Debug|Any CPU.ActiveCfg = Debug|Any CPU
		{C79A21BF-E869-4B93-A787-67B1D4231C02}.Debug|Any CPU.Build.0 = Debug|Any CPU
		{C79A21BF-E869-4B93-A787-67B1D4231C02}.Debug|x64.ActiveCfg = Debug|x64
		{C79A21BF-E869-4B93-A787-67B1D4231C02}.Debug|x64.Build.0 = Debug|x64
		{C79A21BF-E869-4B93-A787-67B1D4231C02}.Debug|x86.ActiveCfg = Debug|x86
		{C79A21BF-E869-4B93-A787-67B1D4231C02}.Debug|x86.Build.0 = Debug|x86
		{C79A21BF-E869-4B93-A787-67B1D4231C02}.Release|Any CPU.ActiveCfg = Release|Any CPU
		{C79A21BF-E869-4B93-A787-67B1D4231C02}.Release|Any CPU.Build.0 = Release|Any CPU
		{C79A21BF-E869-4B93-A787-67B1D4231C02}.Release|x64.ActiveCfg = Release|x64
		{C79A21BF-E869-4B93-A787-67B1D4231C02}.Release|x64.Build.0 = Release|x64
		{C79A21BF-E869-4B93-A787-67B1D4231C02}.Release|x86.ActiveCfg = Release|x86
		{C79A21BF-E869-4B93-A787-67B1D4231C02}.Release|x86.Build.0 = Release|x86
		{56BBFA4A-2DE0-46C5-87D7-6E6F14D81916}.Debug|Any CPU.ActiveCfg = Debug|Any CPU
		{56BBFA4A-2DE0-46C5-87D7-6E6F14D81916}.Debug|Any CPU.Build.0 = Debug|Any CPU
		{56BBFA4A-2DE0-46C5-87D7-6E6F14D81916}.Debug|x64.ActiveCfg = Debug|x64
		{56BBFA4A-2DE0-46C5-87D7-6E6F14D81916}.Debug|x64.Build.0 = Debug|x64
		{56BBFA4A-2DE0-46C5-87D7-6E6F14D81916}.Debug|x86.ActiveCfg = Debug|x86
		{56BBFA4A-2DE0-46C5-87D7-6E6F14D81916}.Debug|x86.Build.0 = Debug|x86
		{56BBFA4A-2DE0-46C5-87D7-6E6F14D81916}.Release|Any CPU.ActiveCfg = Release|Any CPU
		{56BBFA4A-2DE0-46C5-87D7-6E6F14D81916}.Release|Any CPU.Build.0 = Release|Any CPU
		{56BBFA4A-2DE0-46C5-87D7-6E6F14D81916}.Release|x64.ActiveCfg = Release|x64
		{56BBFA4A-2DE0-46C5-87D7-6E6F14D81916}.Release|x64.Build.0 = Release|x64
		{56BBFA4A-2DE0-46C5-87D7-6E6F14D81916}.Release|x86.ActiveCfg = Release|x86
		{56BBFA4A-2DE0-46C5-87D7-6E6F14D81916}.Release|x86.Build.0 = Release|x86
		{EC145FC0-A09B-40D3-94AB-5DF54F6880DC}.Debug|Any CPU.ActiveCfg = Debug|Any CPU
		{EC145FC0-A09B-40D3-94AB-5DF54F6880DC}.Debug|Any CPU.Build.0 = Debug|Any CPU
		{EC145FC0-A09B-40D3-94AB-5DF54F6880DC}.Debug|x64.ActiveCfg = Debug|Any CPU
		{EC145FC0-A09B-40D3-94AB-5DF54F6880DC}.Debug|x64.Build.0 = Debug|Any CPU
		{EC145FC0-A09B-40D3-94AB-5DF54F6880DC}.Debug|x86.ActiveCfg = Debug|x86
		{EC145FC0-A09B-40D3-94AB-5DF54F6880DC}.Debug|x86.Build.0 = Debug|x86
		{EC145FC0-A09B-40D3-94AB-5DF54F6880DC}.Release|Any CPU.ActiveCfg = Release|Any CPU
		{EC145FC0-A09B-40D3-94AB-5DF54F6880DC}.Release|Any CPU.Build.0 = Release|Any CPU
		{EC145FC0-A09B-40D3-94AB-5DF54F6880DC}.Release|x64.ActiveCfg = Release|Any CPU
		{EC145FC0-A09B-40D3-94AB-5DF54F6880DC}.Release|x64.Build.0 = Release|Any CPU
		{EC145FC0-A09B-40D3-94AB-5DF54F6880DC}.Release|x86.ActiveCfg = Release|x86
		{EC145FC0-A09B-40D3-94AB-5DF54F6880DC}.Release|x86.Build.0 = Release|x86
		{7C6A6EE5-E107-458D-B748-D40145184A76}.Debug|Any CPU.ActiveCfg = Debug|Any CPU
		{7C6A6EE5-E107-458D-B748-D40145184A76}.Debug|Any CPU.Build.0 = Debug|Any CPU
		{7C6A6EE5-E107-458D-B748-D40145184A76}.Debug|x64.ActiveCfg = Debug|Any CPU
		{7C6A6EE5-E107-458D-B748-D40145184A76}.Debug|x64.Build.0 = Debug|Any CPU
		{7C6A6EE5-E107-458D-B748-D40145184A76}.Debug|x86.ActiveCfg = Debug|x86
		{7C6A6EE5-E107-458D-B748-D40145184A76}.Debug|x86.Build.0 = Debug|x86
		{7C6A6EE5-E107-458D-B748-D40145184A76}.Release|Any CPU.ActiveCfg = Release|Any CPU
		{7C6A6EE5-E107-458D-B748-D40145184A76}.Release|Any CPU.Build.0 = Release|Any CPU
		{7C6A6EE5-E107-458D-B748-D40145184A76}.Release|x64.ActiveCfg = Release|Any CPU
		{7C6A6EE5-E107-458D-B748-D40145184A76}.Release|x64.Build.0 = Release|Any CPU
		{7C6A6EE5-E107-458D-B748-D40145184A76}.Release|x86.ActiveCfg = Release|x86
		{7C6A6EE5-E107-458D-B748-D40145184A76}.Release|x86.Build.0 = Release|x86
		{ACF489A9-2716-4299-B24A-57AA12807F28}.Debug|Any CPU.ActiveCfg = Debug|Any CPU
		{ACF489A9-2716-4299-B24A-57AA12807F28}.Debug|Any CPU.Build.0 = Debug|Any CPU
		{ACF489A9-2716-4299-B24A-57AA12807F28}.Debug|x64.ActiveCfg = Debug|Any CPU
		{ACF489A9-2716-4299-B24A-57AA12807F28}.Debug|x64.Build.0 = Debug|Any CPU
		{ACF489A9-2716-4299-B24A-57AA12807F28}.Debug|x86.ActiveCfg = Debug|x86
		{ACF489A9-2716-4299-B24A-57AA12807F28}.Debug|x86.Build.0 = Debug|x86
		{ACF489A9-2716-4299-B24A-57AA12807F28}.Release|Any CPU.ActiveCfg = Release|Any CPU
		{ACF489A9-2716-4299-B24A-57AA12807F28}.Release|Any CPU.Build.0 = Release|Any CPU
		{ACF489A9-2716-4299-B24A-57AA12807F28}.Release|x64.ActiveCfg = Release|Any CPU
		{ACF489A9-2716-4299-B24A-57AA12807F28}.Release|x64.Build.0 = Release|Any CPU
		{ACF489A9-2716-4299-B24A-57AA12807F28}.Release|x86.ActiveCfg = Release|x86
		{ACF489A9-2716-4299-B24A-57AA12807F28}.Release|x86.Build.0 = Release|x86
		{92C8F09E-BB71-4006-A84B-8CC0865779EA}.Debug|Any CPU.ActiveCfg = Debug|Any CPU
		{92C8F09E-BB71-4006-A84B-8CC0865779EA}.Debug|Any CPU.Build.0 = Debug|Any CPU
		{92C8F09E-BB71-4006-A84B-8CC0865779EA}.Debug|x64.ActiveCfg = Debug|x64
		{92C8F09E-BB71-4006-A84B-8CC0865779EA}.Debug|x64.Build.0 = Debug|x64
		{92C8F09E-BB71-4006-A84B-8CC0865779EA}.Debug|x86.ActiveCfg = Debug|x86
		{92C8F09E-BB71-4006-A84B-8CC0865779EA}.Debug|x86.Build.0 = Debug|x86
		{92C8F09E-BB71-4006-A84B-8CC0865779EA}.Release|Any CPU.ActiveCfg = Release|Any CPU
		{92C8F09E-BB71-4006-A84B-8CC0865779EA}.Release|Any CPU.Build.0 = Release|Any CPU
		{92C8F09E-BB71-4006-A84B-8CC0865779EA}.Release|x64.ActiveCfg = Release|x64
		{92C8F09E-BB71-4006-A84B-8CC0865779EA}.Release|x64.Build.0 = Release|x64
		{92C8F09E-BB71-4006-A84B-8CC0865779EA}.Release|x86.ActiveCfg = Release|x86
		{92C8F09E-BB71-4006-A84B-8CC0865779EA}.Release|x86.Build.0 = Release|x86
		{C5FF809E-2620-4FA3-B262-8B7DD2530E5C}.Debug|Any CPU.ActiveCfg = Debug|Any CPU
		{C5FF809E-2620-4FA3-B262-8B7DD2530E5C}.Debug|Any CPU.Build.0 = Debug|Any CPU
		{C5FF809E-2620-4FA3-B262-8B7DD2530E5C}.Debug|x64.ActiveCfg = Debug|x64
		{C5FF809E-2620-4FA3-B262-8B7DD2530E5C}.Debug|x64.Build.0 = Debug|x64
		{C5FF809E-2620-4FA3-B262-8B7DD2530E5C}.Debug|x86.ActiveCfg = Debug|x86
		{C5FF809E-2620-4FA3-B262-8B7DD2530E5C}.Debug|x86.Build.0 = Debug|x86
		{C5FF809E-2620-4FA3-B262-8B7DD2530E5C}.Release|Any CPU.ActiveCfg = Release|Any CPU
		{C5FF809E-2620-4FA3-B262-8B7DD2530E5C}.Release|Any CPU.Build.0 = Release|Any CPU
		{C5FF809E-2620-4FA3-B262-8B7DD2530E5C}.Release|x64.ActiveCfg = Release|x64
		{C5FF809E-2620-4FA3-B262-8B7DD2530E5C}.Release|x64.Build.0 = Release|x64
		{C5FF809E-2620-4FA3-B262-8B7DD2530E5C}.Release|x86.ActiveCfg = Release|x86
		{C5FF809E-2620-4FA3-B262-8B7DD2530E5C}.Release|x86.Build.0 = Release|x86
	EndGlobalSection
	GlobalSection(SolutionProperties) = preSolution
		HideSolutionNode = FALSE
	EndGlobalSection
	GlobalSection(NestedProjects) = preSolution
		{C79A21BF-E869-4B93-A787-67B1D4231C02} = {A2779C53-8484-4BFE-B1DC-B5E123510093}
		{56BBFA4A-2DE0-46C5-87D7-6E6F14D81916} = {A2779C53-8484-4BFE-B1DC-B5E123510093}
		{EC145FC0-A09B-40D3-94AB-5DF54F6880DC} = {DC961FE8-B4EA-46BA-959F-09828B12679D}
		{7C6A6EE5-E107-458D-B748-D40145184A76} = {A90BBC10-7ADF-4152-84CB-92BC53BDBB06}
		{ACF489A9-2716-4299-B24A-57AA12807F28} = {3B38FAF6-7CA1-4682-88B4-7977F47203CB}
		{92C8F09E-BB71-4006-A84B-8CC0865779EA} = {754FEF0D-8FA5-4C39-B056-CACE920F1EB4}
		{C5FF809E-2620-4FA3-B262-8B7DD2530E5C} = {877F7F15-5683-498F-908A-755AC69A91F7}
	EndGlobalSection
	GlobalSection(ExtensibilityGlobals) = postSolution
		SolutionGuid = {84897511-818D-4E74-ADA4-B4171303B0BD}
	EndGlobalSection
EndGlobal
